<?xml version="1.0" encoding="utf-8"?>
<Project ToolsVersion="4.0" xmlns="http://schemas.microsoft.com/developer/msbuild/2003">
  <ItemGroup>
    <Filter Include="Core Modules">
      <UniqueIdentifier>{31fcdf28-a9af-4b26-8a4c-923aa3e71235}</UniqueIdentifier>
    </Filter>
    <Filter Include="Utils">
      <UniqueIdentifier>{9ad7de1e-1290-4b49-8426-1620a554d0cd}</UniqueIdentifier>
    </Filter>
    <Filter Include="Main">
      <UniqueIdentifier>{28804430-d461-4c4c-bbbe-6b45179197f9}</UniqueIdentifier>
    </Filter>
    <Filter Include="Game Modules">
      <UniqueIdentifier>{7e45b296-94d8-4811-8aee-bf2033be3b9d}</UniqueIdentifier>
    </Filter>
    <Filter Include="Model">
      <UniqueIdentifier>{c78d8094-1ed5-4c99-9ba1-9073cfa518ce}</UniqueIdentifier>
    </Filter>
  </ItemGroup>
  <ItemGroup>
    <ClCompile Include="ModuleAudio.cpp">
      <Filter>Core Modules</Filter>
    </ClCompile>
    <ClCompile Include="ModuleCollision.cpp">
      <Filter>Core Modules</Filter>
    </ClCompile>
    <ClCompile Include="ModuleFadeToBlack.cpp">
      <Filter>Core Modules</Filter>
    </ClCompile>
    <ClCompile Include="ModuleInput.cpp">
      <Filter>Core Modules</Filter>
    </ClCompile>
    <ClCompile Include="ModuleParticles.cpp">
      <Filter>Core Modules</Filter>
    </ClCompile>
    <ClCompile Include="ModuleRender.cpp">
      <Filter>Core Modules</Filter>
    </ClCompile>
    <ClCompile Include="ModuleTextures.cpp">
      <Filter>Core Modules</Filter>
    </ClCompile>
    <ClCompile Include="ModuleWindow.cpp">
      <Filter>Core Modules</Filter>
    </ClCompile>
    <ClCompile Include="Application.cpp">
      <Filter>Main</Filter>
    </ClCompile>
    <ClCompile Include="Main.cpp">
      <Filter>Main</Filter>
    </ClCompile>
    <ClCompile Include="ModuleSceneIntro.cpp">
      <Filter>Game Modules</Filter>
    </ClCompile>
    <ClCompile Include="ModuleSceneSpace.cpp">
      <Filter>Game Modules</Filter>
    </ClCompile>
    <ClCompile Include="Log.cpp">
      <Filter>Utils</Filter>
    </ClCompile>
    <ClCompile Include="ModuleLevelOne.cpp">
      <Filter>Game Modules</Filter>
    </ClCompile>
    <ClCompile Include="Scoreboard.cpp">
      <Filter>Model</Filter>
    </ClCompile>
    <ClCompile Include="Player.cpp">
      <Filter>Model</Filter>
    </ClCompile>
    <ClCompile Include="Flag.cpp">
      <Filter>Model</Filter>
    </ClCompile>
    <ClCompile Include="ModuleReadFile.cpp">
      <Filter>Core Modules</Filter>
    </ClCompile>
  </ItemGroup>
  <ItemGroup>
    <ClInclude Include="ModuleAudio.h">
      <Filter>Core Modules</Filter>
    </ClInclude>
    <ClInclude Include="ModuleCollision.h">
      <Filter>Core Modules</Filter>
    </ClInclude>
    <ClInclude Include="ModuleFadeToBlack.h">
      <Filter>Core Modules</Filter>
    </ClInclude>
    <ClInclude Include="ModuleInput.h">
      <Filter>Core Modules</Filter>
    </ClInclude>
    <ClInclude Include="ModuleParticles.h">
      <Filter>Core Modules</Filter>
    </ClInclude>
    <ClInclude Include="ModuleRender.h">
      <Filter>Core Modules</Filter>
    </ClInclude>
    <ClInclude Include="ModuleTextures.h">
      <Filter>Core Modules</Filter>
    </ClInclude>
    <ClInclude Include="ModuleWindow.h">
      <Filter>Core Modules</Filter>
    </ClInclude>
    <ClInclude Include="Module.h">
      <Filter>Core Modules</Filter>
    </ClInclude>
    <ClInclude Include="Application.h">
      <Filter>Main</Filter>
    </ClInclude>
    <ClInclude Include="Globals.h">
      <Filter>Main</Filter>
    </ClInclude>
    <ClInclude Include="ModuleSceneIntro.h">
      <Filter>Game Modules</Filter>
    </ClInclude>
    <ClInclude Include="ModuleSceneSpace.h">
      <Filter>Game Modules</Filter>
    </ClInclude>
    <ClInclude Include="Animation.h">
      <Filter>Utils</Filter>
    </ClInclude>
    <ClInclude Include="MemLeaks.h">
      <Filter>Utils</Filter>
    </ClInclude>
    <ClInclude Include="Point.h">
      <Filter>Utils</Filter>
    </ClInclude>
    <ClInclude Include="ModuleLevelOne.h">
      <Filter>Game Modules</Filter>
    </ClInclude>
    <ClInclude Include="Scoreboard.h">
      <Filter>Model</Filter>
    </ClInclude>
    <ClInclude Include="Player.h">
      <Filter>Model</Filter>
    </ClInclude>
    <ClInclude Include="Entity.h">
      <Filter>Model</Filter>
    </ClInclude>
    <ClInclude Include="Flag.h">
      <Filter>Model</Filter>
    </ClInclude>
    <ClInclude Include="ModuleReadFile.h">
      <Filter>Core Modules</Filter>
    </ClInclude>
  </ItemGroup>
</Project>