
Microsoft Visual Studio Solution File, Format Version 12.00
# Visual Studio 15
VisualStudioVersion = 15.0.27004.2010
MinimumVisualStudioVersion = 10.0.40219.1
Project("{8BC9CEB8-8B4A-11D0-8D11-00A0C91BC942}") = "Super Off Road", "Super Off Road.vcxproj", "{3886513F-70FB-4A6A-B0B8-5B77B0B92904}"
EndProject
Global
	GlobalSection(SolutionConfigurationPlatforms) = preSolution
		Debug|Win32 = Debug|Win32
		Debug|x64 = Debug|x64
		Debug|x86 = Debug|x86
		Release|Win32 = Release|Win32
		Release|x64 = Release|x64
		Release|x86 = Release|x86
	EndGlobalSection
	GlobalSection(ProjectConfigurationPlatforms) = postSolution
		{3886513F-70FB-4A6A-B0B8-5B77B0B92904}.Debug|Win32.ActiveCfg = Debug|Win32
		{3886513F-70FB-4A6A-B0B8-5B77B0B92904}.Debug|Win32.Build.0 = Debug|Win32
		{3886513F-70FB-4A6A-B0B8-5B77B0B92904}.Debug|x64.ActiveCfg = Debug|x64
		{3886513F-70FB-4A6A-B0B8-5B77B0B92904}.Debug|x64.Build.0 = Debug|x64
		{3886513F-70FB-4A6A-B0B8-5B77B0B92904}.Debug|x86.ActiveCfg = Debug|Win32
		{3886513F-70FB-4A6A-B0B8-5B77B0B92904}.Debug|x86.Build.0 = Debug|Win32
		{3886513F-70FB-4A6A-B0B8-5B77B0B92904}.Release|Win32.ActiveCfg = Release|Win32
		{3886513F-70FB-4A6A-B0B8-5B77B0B92904}.Release|Win32.Build.0 = Release|Win32
		{3886513F-70FB-4A6A-B0B8-5B77B0B92904}.Release|x64.ActiveCfg = Release|x64
		{3886513F-70FB-4A6A-B0B8-5B77B0B92904}.Release|x64.Build.0 = Release|x64
		{3886513F-70FB-4A6A-B0B8-5B77B0B92904}.Release|x86.ActiveCfg = Release|Win32
		{3886513F-70FB-4A6A-B0B8-5B77B0B92904}.Release|x86.Build.0 = Release|Win32
	EndGlobalSection
	GlobalSection(SolutionProperties) = preSolution
		HideSolutionNode = FALSE
	EndGlobalSection
	GlobalSection(ExtensibilityGlobals) = postSolution
		SolutionGuid = {6AF16D19-7BE9-4C81-9C64-033311D4CB49}
	EndGlobalSection
EndGlobal
